// !$*UTF8*$!
{
	archiveVersion = 1;
	classes = {
	};
	objectVersion = 50;
	objects = {

/* Begin PBXBuildFile section */
		3075116D21C8DEBD00A34BA7 /* Util_OC.m in Sources */ = {isa = PBXBuildFile; fileRef = 3075116C21C8DEBD00A34BA7 /* Util_OC.m */; };
		3075117121C905E100A34BA7 /* IGAvPlayerManager.m in Sources */ = {isa = PBXBuildFile; fileRef = 3075116F21C905E100A34BA7 /* IGAvPlayerManager.m */; };
		3075117421C9F85800A34BA7 /* ItemCell.swift in Sources */ = {isa = PBXBuildFile; fileRef = 3075117221C9F85800A34BA7 /* ItemCell.swift */; };
		3075117521C9F85800A34BA7 /* ItemCell.xib in Resources */ = {isa = PBXBuildFile; fileRef = 3075117321C9F85800A34BA7 /* ItemCell.xib */; };
		3075117921CA255500A34BA7 /* UIImage+BlurView.m in Sources */ = {isa = PBXBuildFile; fileRef = 3075117721CA255500A34BA7 /* UIImage+BlurView.m */; };
		30FB7CD121C26BCA005A1C96 /* AppDelegate.swift in Sources */ = {isa = PBXBuildFile; fileRef = 30FB7CD021C26BCA005A1C96 /* AppDelegate.swift */; };
		30FB7CD321C26BCA005A1C96 /* ViewController.swift in Sources */ = {isa = PBXBuildFile; fileRef = 30FB7CD221C26BCA005A1C96 /* ViewController.swift */; };
		30FB7CD621C26BCA005A1C96 /* Main.storyboard in Resources */ = {isa = PBXBuildFile; fileRef = 30FB7CD421C26BCA005A1C96 /* Main.storyboard */; };
		30FB7CD821C26BCC005A1C96 /* Assets.xcassets in Resources */ = {isa = PBXBuildFile; fileRef = 30FB7CD721C26BCC005A1C96 /* Assets.xcassets */; };
		30FB7CDB21C26BCC005A1C96 /* LaunchScreen.storyboard in Resources */ = {isa = PBXBuildFile; fileRef = 30FB7CD921C26BCC005A1C96 /* LaunchScreen.storyboard */; };
		30FB7CE621C26F50005A1C96 /* WPY_AVPlayer.swift in Sources */ = {isa = PBXBuildFile; fileRef = 30FB7CE521C26F50005A1C96 /* WPY_AVPlayer.swift */; };
		30FB7CEA21C26F73005A1C96 /* MyPlayProgressView.m in Sources */ = {isa = PBXBuildFile; fileRef = 30FB7CE921C26F72005A1C96 /* MyPlayProgressView.m */; };
		D8D0087AC99039D2A4383546 /* Pods_WPYPlayer.framework in Frameworks */ = {isa = PBXBuildFile; fileRef = F4762A38EC77F495A4B4E7C3 /* Pods_WPYPlayer.framework */; };
/* End PBXBuildFile section */

/* Begin PBXFileReference section */
		0F0383742A0DC7D0C32058C1 /* Pods-WPYPlayer.debug.xcconfig */ = {isa = PBXFileReference; includeInIndex = 1; lastKnownFileType = text.xcconfig; name = "Pods-WPYPlayer.debug.xcconfig"; path = "Target Support Files/Pods-WPYPlayer/Pods-WPYPlayer.debug.xcconfig"; sourceTree = "<group>"; };
		3075116B21C8DEBD00A34BA7 /* Util_OC.h */ = {isa = PBXFileReference; lastKnownFileType = sourcecode.c.h; path = Util_OC.h; sourceTree = "<group>"; };
		3075116C21C8DEBD00A34BA7 /* Util_OC.m */ = {isa = PBXFileReference; lastKnownFileType = sourcecode.c.objc; path = Util_OC.m; sourceTree = "<group>"; };
		3075116F21C905E100A34BA7 /* IGAvPlayerManager.m */ = {isa = PBXFileReference; fileEncoding = 4; lastKnownFileType = sourcecode.c.objc; path = IGAvPlayerManager.m; sourceTree = "<group>"; };
		3075117021C905E100A34BA7 /* IGAvPlayerManager.h */ = {isa = PBXFileReference; fileEncoding = 4; lastKnownFileType = sourcecode.c.h; path = IGAvPlayerManager.h; sourceTree = "<group>"; };
		3075117221C9F85800A34BA7 /* ItemCell.swift */ = {isa = PBXFileReference; lastKnownFileType = sourcecode.swift; path = ItemCell.swift; sourceTree = "<group>"; };
		3075117321C9F85800A34BA7 /* ItemCell.xib */ = {isa = PBXFileReference; lastKnownFileType = file.xib; path = ItemCell.xib; sourceTree = "<group>"; };
		3075117721CA255500A34BA7 /* UIImage+BlurView.m */ = {isa = PBXFileReference; fileEncoding = 4; lastKnownFileType = sourcecode.c.objc; path = "UIImage+BlurView.m"; sourceTree = "<group>"; };
		3075117821CA255500A34BA7 /* UIImage+BlurView.h */ = {isa = PBXFileReference; fileEncoding = 4; lastKnownFileType = sourcecode.c.h; path = "UIImage+BlurView.h"; sourceTree = "<group>"; };
		30FB7CCD21C26BCA005A1C96 /* WPYPlayer.app */ = {isa = PBXFileReference; explicitFileType = wrapper.application; includeInIndex = 0; path = WPYPlayer.app; sourceTree = BUILT_PRODUCTS_DIR; };
		30FB7CD021C26BCA005A1C96 /* AppDelegate.swift */ = {isa = PBXFileReference; lastKnownFileType = sourcecode.swift; path = AppDelegate.swift; sourceTree = "<group>"; };
		30FB7CD221C26BCA005A1C96 /* ViewController.swift */ = {isa = PBXFileReference; lastKnownFileType = sourcecode.swift; path = ViewController.swift; sourceTree = "<group>"; };
		30FB7CD521C26BCA005A1C96 /* Base */ = {isa = PBXFileReference; lastKnownFileType = file.storyboard; name = Base; path = Base.lproj/Main.storyboard; sourceTree = "<group>"; };
		30FB7CD721C26BCC005A1C96 /* Assets.xcassets */ = {isa = PBXFileReference; lastKnownFileType = folder.assetcatalog; path = Assets.xcassets; sourceTree = "<group>"; };
		30FB7CDA21C26BCC005A1C96 /* Base */ = {isa = PBXFileReference; lastKnownFileType = file.storyboard; name = Base; path = Base.lproj/LaunchScreen.storyboard; sourceTree = "<group>"; };
		30FB7CDC21C26BCC005A1C96 /* Info.plist */ = {isa = PBXFileReference; lastKnownFileType = text.plist.xml; path = Info.plist; sourceTree = "<group>"; };
		30FB7CE521C26F50005A1C96 /* WPY_AVPlayer.swift */ = {isa = PBXFileReference; fileEncoding = 4; lastKnownFileType = sourcecode.swift; path = WPY_AVPlayer.swift; sourceTree = "<group>"; };
		30FB7CE721C26F70005A1C96 /* WPYPlayer-Bridging-Header.h */ = {isa = PBXFileReference; lastKnownFileType = sourcecode.c.h; path = "WPYPlayer-Bridging-Header.h"; sourceTree = "<group>"; };
		30FB7CE821C26F71005A1C96 /* MyPlayProgressView.h */ = {isa = PBXFileReference; fileEncoding = 4; lastKnownFileType = sourcecode.c.h; path = MyPlayProgressView.h; sourceTree = "<group>"; };
		30FB7CE921C26F72005A1C96 /* MyPlayProgressView.m */ = {isa = PBXFileReference; fileEncoding = 4; lastKnownFileType = sourcecode.c.objc; path = MyPlayProgressView.m; sourceTree = "<group>"; };
		8BDA84C54E1798AFA1D9EFC0 /* Pods-WPYPlayer.release.xcconfig */ = {isa = PBXFileReference; includeInIndex = 1; lastKnownFileType = text.xcconfig; name = "Pods-WPYPlayer.release.xcconfig"; path = "Target Support Files/Pods-WPYPlayer/Pods-WPYPlayer.release.xcconfig"; sourceTree = "<group>"; };
		F4762A38EC77F495A4B4E7C3 /* Pods_WPYPlayer.framework */ = {isa = PBXFileReference; explicitFileType = wrapper.framework; includeInIndex = 0; path = Pods_WPYPlayer.framework; sourceTree = BUILT_PRODUCTS_DIR; };
/* End PBXFileReference section */

/* Begin PBXFrameworksBuildPhase section */
		30FB7CCA21C26BCA005A1C96 /* Frameworks */ = {
			isa = PBXFrameworksBuildPhase;
			buildActionMask = 2147483647;
			files = (
				D8D0087AC99039D2A4383546 /* Pods_WPYPlayer.framework in Frameworks */,
			);
			runOnlyForDeploymentPostprocessing = 0;
		};
/* End PBXFrameworksBuildPhase section */

/* Begin PBXGroup section */
		3075116E21C9053E00A34BA7 /* objectC_PlayManager */ = {
			isa = PBXGroup;
			children = (
				3075117021C905E100A34BA7 /* IGAvPlayerManager.h */,
				3075116F21C905E100A34BA7 /* IGAvPlayerManager.m */,
			);
			path = objectC_PlayManager;
			sourceTree = "<group>";
		};
		3075117621CA253500A34BA7 /* Tool */ = {
			isa = PBXGroup;
			children = (
				3075117821CA255500A34BA7 /* UIImage+BlurView.h */,
				3075117721CA255500A34BA7 /* UIImage+BlurView.m */,
			);
			path = Tool;
			sourceTree = "<group>";
		};
		30FB7CC421C26BCA005A1C96 = {
			isa = PBXGroup;
			children = (
				30FB7CCF21C26BCA005A1C96 /* WPYPlayer */,
				30FB7CCE21C26BCA005A1C96 /* Products */,
				9784383198208E62FAA57E11 /* Pods */,
				47174928CC10E6215760329D /* Frameworks */,
			);
			sourceTree = "<group>";
		};
		30FB7CCE21C26BCA005A1C96 /* Products */ = {
			isa = PBXGroup;
			children = (
				30FB7CCD21C26BCA005A1C96 /* WPYPlayer.app */,
			);
			name = Products;
			sourceTree = "<group>";
		};
		30FB7CCF21C26BCA005A1C96 /* WPYPlayer */ = {
			isa = PBXGroup;
			children = (
				3075117621CA253500A34BA7 /* Tool */,
				30FB7CE221C26E73005A1C96 /* Player */,
				30FB7CD021C26BCA005A1C96 /* AppDelegate.swift */,
				30FB7CD221C26BCA005A1C96 /* ViewController.swift */,
				30FB7CD421C26BCA005A1C96 /* Main.storyboard */,
				30FB7CD721C26BCC005A1C96 /* Assets.xcassets */,
				30FB7CD921C26BCC005A1C96 /* LaunchScreen.storyboard */,
				30FB7CDC21C26BCC005A1C96 /* Info.plist */,
				3075117221C9F85800A34BA7 /* ItemCell.swift */,
				3075117321C9F85800A34BA7 /* ItemCell.xib */,
			);
			path = WPYPlayer;
			sourceTree = "<group>";
		};
		30FB7CE221C26E73005A1C96 /* Player */ = {
			isa = PBXGroup;
			children = (
				30FB7CE421C26F04005A1C96 /* View */,
				3075116E21C9053E00A34BA7 /* objectC_PlayManager */,
				30FB7CE321C26EEB005A1C96 /* Swift_PlayManager */,
			);
			path = Player;
			sourceTree = "<group>";
		};
		30FB7CE321C26EEB005A1C96 /* Swift_PlayManager */ = {
			isa = PBXGroup;
			children = (
				30FB7CE521C26F50005A1C96 /* WPY_AVPlayer.swift */,
				3075116B21C8DEBD00A34BA7 /* Util_OC.h */,
				3075116C21C8DEBD00A34BA7 /* Util_OC.m */,
			);
			path = Swift_PlayManager;
			sourceTree = "<group>";
		};
		30FB7CE421C26F04005A1C96 /* View */ = {
			isa = PBXGroup;
			children = (
				30FB7CE821C26F71005A1C96 /* MyPlayProgressView.h */,
				30FB7CE921C26F72005A1C96 /* MyPlayProgressView.m */,
				30FB7CE721C26F70005A1C96 /* WPYPlayer-Bridging-Header.h */,
			);
			path = View;
			sourceTree = "<group>";
		};
		47174928CC10E6215760329D /* Frameworks */ = {
			isa = PBXGroup;
			children = (
				F4762A38EC77F495A4B4E7C3 /* Pods_WPYPlayer.framework */,
			);
			name = Frameworks;
			sourceTree = "<group>";
		};
		9784383198208E62FAA57E11 /* Pods */ = {
			isa = PBXGroup;
			children = (
				0F0383742A0DC7D0C32058C1 /* Pods-WPYPlayer.debug.xcconfig */,
				8BDA84C54E1798AFA1D9EFC0 /* Pods-WPYPlayer.release.xcconfig */,
			);
			path = Pods;
			sourceTree = "<group>";
		};
/* End PBXGroup section */

/* Begin PBXNativeTarget section */
		30FB7CCC21C26BCA005A1C96 /* WPYPlayer */ = {
			isa = PBXNativeTarget;
			buildConfigurationList = 30FB7CDF21C26BCC005A1C96 /* Build configuration list for PBXNativeTarget "WPYPlayer" */;
			buildPhases = (
				91DDC07E2E214A95BA7BBE42 /* [CP] Check Pods Manifest.lock */,
				30FB7CC921C26BCA005A1C96 /* Sources */,
				30FB7CCA21C26BCA005A1C96 /* Frameworks */,
				30FB7CCB21C26BCA005A1C96 /* Resources */,
				817A0FEFC01D7EA8D449B8F5 /* [CP] Embed Pods Frameworks */,
			);
			buildRules = (
			);
			dependencies = (
			);
			name = WPYPlayer;
			productName = WPYPlayer;
			productReference = 30FB7CCD21C26BCA005A1C96 /* WPYPlayer.app */;
			productType = "com.apple.product-type.application";
		};
/* End PBXNativeTarget section */

/* Begin PBXProject section */
		30FB7CC521C26BCA005A1C96 /* Project object */ = {
			isa = PBXProject;
			attributes = {
				LastSwiftUpdateCheck = 1010;
				LastUpgradeCheck = 1010;
				ORGANIZATIONNAME = "王鹏宇";
				TargetAttributes = {
					30FB7CCC21C26BCA005A1C96 = {
						CreatedOnToolsVersion = 10.1;
						LastSwiftMigration = 1010;
						SystemCapabilities = {
							com.apple.BackgroundModes = {
								enabled = 1;
							};
						};
					};
				};
			};
			buildConfigurationList = 30FB7CC821C26BCA005A1C96 /* Build configuration list for PBXProject "WPYPlayer" */;
			compatibilityVersion = "Xcode 9.3";
			developmentRegion = en;
			hasScannedForEncodings = 0;
			knownRegions = (
				en,
				Base,
			);
			mainGroup = 30FB7CC421C26BCA005A1C96;
			productRefGroup = 30FB7CCE21C26BCA005A1C96 /* Products */;
			projectDirPath = "";
			projectRoot = "";
			targets = (
				30FB7CCC21C26BCA005A1C96 /* WPYPlayer */,
			);
		};
/* End PBXProject section */

/* Begin PBXResourcesBuildPhase section */
		30FB7CCB21C26BCA005A1C96 /* Resources */ = {
			isa = PBXResourcesBuildPhase;
			buildActionMask = 2147483647;
			files = (
				3075117521C9F85800A34BA7 /* ItemCell.xib in Resources */,
				30FB7CDB21C26BCC005A1C96 /* LaunchScreen.storyboard in Resources */,
				30FB7CD821C26BCC005A1C96 /* Assets.xcassets in Resources */,
				30FB7CD621C26BCA005A1C96 /* Main.storyboard in Resources */,
			);
			runOnlyForDeploymentPostprocessing = 0;
		};
/* End PBXResourcesBuildPhase section */

/* Begin PBXShellScriptBuildPhase section */
		817A0FEFC01D7EA8D449B8F5 /* [CP] Embed Pods Frameworks */ = {
			isa = PBXShellScriptBuildPhase;
			buildActionMask = 2147483647;
			files = (
			);
			inputFileListPaths = (
			);
			inputPaths = (
				"${PODS_ROOT}/Target Support Files/Pods-WPYPlayer/Pods-WPYPlayer-frameworks.sh",
				"${BUILT_PRODUCTS_DIR}/Alamofire/Alamofire.framework",
				"${BUILT_PRODUCTS_DIR}/Kingfisher/Kingfisher.framework",
				"${BUILT_PRODUCTS_DIR}/Moya/Moya.framework",
				"${BUILT_PRODUCTS_DIR}/Result/Result.framework",
				"${BUILT_PRODUCTS_DIR}/SnapKit/SnapKit.framework",
			);
			name = "[CP] Embed Pods Frameworks";
			outputFileListPaths = (
			);
			outputPaths = (
				"${TARGET_BUILD_DIR}/${FRAMEWORKS_FOLDER_PATH}/Alamofire.framework",
				"${TARGET_BUILD_DIR}/${FRAMEWORKS_FOLDER_PATH}/Kingfisher.framework",
				"${TARGET_BUILD_DIR}/${FRAMEWORKS_FOLDER_PATH}/Moya.framework",
				"${TARGET_BUILD_DIR}/${FRAMEWORKS_FOLDER_PATH}/Result.framework",
				"${TARGET_BUILD_DIR}/${FRAMEWORKS_FOLDER_PATH}/SnapKit.framework",
			);
			runOnlyForDeploymentPostprocessing = 0;
			shellPath = /bin/sh;
			shellScript = "\"${PODS_ROOT}/Target Support Files/Pods-WPYPlayer/Pods-WPYPlayer-frameworks.sh\"\n";
			showEnvVarsInLog = 0;
		};
		91DDC07E2E214A95BA7BBE42 /* [CP] Check Pods Manifest.lock */ = {
			isa = PBXShellScriptBuildPhase;
			buildActionMask = 2147483647;
			files = (
			);
			inputFileListPaths = (
			);
			inputPaths = (
				"${PODS_PODFILE_DIR_PATH}/Podfile.lock",
				"${PODS_ROOT}/Manifest.lock",
			);
			name = "[CP] Check Pods Manifest.lock";
			outputFileListPaths = (
			);
			outputPaths = (
				"$(DERIVED_FILE_DIR)/Pods-WPYPlayer-checkManifestLockResult.txt",
			);
			runOnlyForDeploymentPostprocessing = 0;
			shellPath = /bin/sh;
			shellScript = "diff \"${PODS_PODFILE_DIR_PATH}/Podfile.lock\" \"${PODS_ROOT}/Manifest.lock\" > /dev/null\nif [ $? != 0 ] ; then\n    # print error to STDERR\n    echo \"error: The sandbox is not in sync with the Podfile.lock. Run 'pod install' or update your CocoaPods installation.\" >&2\n    exit 1\nfi\n# This output is used by Xcode 'outputs' to avoid re-running this script phase.\necho \"SUCCESS\" > \"${SCRIPT_OUTPUT_FILE_0}\"\n";
			showEnvVarsInLog = 0;
		};
/* End PBXShellScriptBuildPhase section */

/* Begin PBXSourcesBuildPhase section */
		30FB7CC921C26BCA005A1C96 /* Sources */ = {
			isa = PBXSourcesBuildPhase;
			buildActionMask = 2147483647;
			files = (
				30FB7CD321C26BCA005A1C96 /* ViewController.swift in Sources */,
				3075117921CA255500A34BA7 /* UIImage+BlurView.m in Sources */,
				3075116D21C8DEBD00A34BA7 /* Util_OC.m in Sources */,
				30FB7CE621C26F50005A1C96 /* WPY_AVPlayer.swift in Sources */,
				3075117121C905E100A34BA7 /* IGAvPlayerManager.m in Sources */,
				3075117421C9F85800A34BA7 /* ItemCell.swift in Sources */,
				30FB7CD121C26BCA005A1C96 /* AppDelegate.swift in Sources */,
				30FB7CEA21C26F73005A1C96 /* MyPlayProgressView.m in Sources */,
			);
			runOnlyForDeploymentPostprocessing = 0;
		};
/* End PBXSourcesBuildPhase section */

/* Begin PBXVariantGroup section */
		30FB7CD421C26BCA005A1C96 /* Main.storyboard */ = {
			isa = PBXVariantGroup;
			children = (
				30FB7CD521C26BCA005A1C96 /* Base */,
			);
			name = Main.storyboard;
			sourceTree = "<group>";
		};
		30FB7CD921C26BCC005A1C96 /* LaunchScreen.storyboard */ = {
			isa = PBXVariantGroup;
			children = (
				30FB7CDA21C26BCC005A1C96 /* Base */,
			);
			name = LaunchScreen.storyboard;
			sourceTree = "<group>";
		};
/* End PBXVariantGroup section */

/* Begin XCBuildConfiguration section */
		30FB7CDD21C26BCC005A1C96 /* Debug */ = {
			isa = XCBuildConfiguration;
			buildSettings = {
				ALWAYS_SEARCH_USER_PATHS = NO;
				CLANG_ANALYZER_NONNULL = YES;
				CLANG_ANALYZER_NUMBER_OBJECT_CONVERSION = YES_AGGRESSIVE;
				CLANG_CXX_LANGUAGE_STANDARD = "gnu++14";
				CLANG_CXX_LIBRARY = "libc++";
				CLANG_ENABLE_MODULES = YES;
				CLANG_ENABLE_OBJC_ARC = YES;
				CLANG_ENABLE_OBJC_WEAK = YES;
				CLANG_WARN_BLOCK_CAPTURE_AUTORELEASING = YES;
				CLANG_WARN_BOOL_CONVERSION = YES;
				CLANG_WARN_COMMA = YES;
				CLANG_WARN_CONSTANT_CONVERSION = YES;
				CLANG_WARN_DEPRECATED_OBJC_IMPLEMENTATIONS = YES;
				CLANG_WARN_DIRECT_OBJC_ISA_USAGE = YES_ERROR;
				CLANG_WARN_DOCUMENTATION_COMMENTS = YES;
				CLANG_WARN_EMPTY_BODY = YES;
				CLANG_WARN_ENUM_CONVERSION = YES;
				CLANG_WARN_INFINITE_RECURSION = YES;
				CLANG_WARN_INT_CONVERSION = YES;
				CLANG_WARN_NON_LITERAL_NULL_CONVERSION = YES;
				CLANG_WARN_OBJC_IMPLICIT_RETAIN_SELF = YES;
				CLANG_WARN_OBJC_LITERAL_CONVERSION = YES;
				CLANG_WARN_OBJC_ROOT_CLASS = YES_ERROR;
				CLANG_WARN_RANGE_LOOP_ANALYSIS = YES;
				CLANG_WARN_STRICT_PROTOTYPES = YES;
				CLANG_WARN_SUSPICIOUS_MOVE = YES;
				CLANG_WARN_UNGUARDED_AVAILABILITY = YES_AGGRESSIVE;
				CLANG_WARN_UNREACHABLE_CODE = YES;
				CLANG_WARN__DUPLICATE_METHOD_MATCH = YES;
				CODE_SIGN_IDENTITY = "iPhone Developer";
				COPY_PHASE_STRIP = NO;
				DEBUG_INFORMATION_FORMAT = dwarf;
				ENABLE_STRICT_OBJC_MSGSEND = YES;
				ENABLE_TESTABILITY = YES;
				GCC_C_LANGUAGE_STANDARD = gnu11;
				GCC_DYNAMIC_NO_PIC = NO;
				GCC_NO_COMMON_BLOCKS = YES;
				GCC_OPTIMIZATION_LEVEL = 0;
				GCC_PREPROCESSOR_DEFINITIONS = (
					"DEBUG=1",
					"$(inherited)",
				);
				GCC_WARN_64_TO_32_BIT_CONVERSION = YES;
				GCC_WARN_ABOUT_RETURN_TYPE = YES_ERROR;
				GCC_WARN_UNDECLARED_SELECTOR = YES;
				GCC_WARN_UNINITIALIZED_AUTOS = YES_AGGRESSIVE;
				GCC_WARN_UNUSED_FUNCTION = YES;
				GCC_WARN_UNUSED_VARIABLE = YES;
				IPHONEOS_DEPLOYMENT_TARGET = 12.1;
				MTL_ENABLE_DEBUG_INFO = INCLUDE_SOURCE;
				MTL_FAST_MATH = YES;
				ONLY_ACTIVE_ARCH = YES;
				SDKROOT = iphoneos;
				SWIFT_ACTIVE_COMPILATION_CONDITIONS = DEBUG;
				SWIFT_OPTIMIZATION_LEVEL = "-Onone";
			};
			name = Debug;
		};
		30FB7CDE21C26BCC005A1C96 /* Release */ = {
			isa = XCBuildConfiguration;
			buildSettings = {
				ALWAYS_SEARCH_USER_PATHS = NO;
				CLANG_ANALYZER_NONNULL = YES;
				CLANG_ANALYZER_NUMBER_OBJECT_CONVERSION = YES_AGGRESSIVE;
				CLANG_CXX_LANGUAGE_STANDARD = "gnu++14";
				CLANG_CXX_LIBRARY = "libc++";
				CLANG_ENABLE_MODULES = YES;
				CLANG_ENABLE_OBJC_ARC = YES;
				CLANG_ENABLE_OBJC_WEAK = YES;
				CLANG_WARN_BLOCK_CAPTURE_AUTORELEASING = YES;
				CLANG_WARN_BOOL_CONVERSION = YES;
				CLANG_WARN_COMMA = YES;
				CLANG_WARN_CONSTANT_CONVERSION = YES;
				CLANG_WARN_DEPRECATED_OBJC_IMPLEMENTATIONS = YES;
				CLANG_WARN_DIRECT_OBJC_ISA_USAGE = YES_ERROR;
				CLANG_WARN_DOCUMENTATION_COMMENTS = YES;
				CLANG_WARN_EMPTY_BODY = YES;
				CLANG_WARN_ENUM_CONVERSION = YES;
				CLANG_WARN_INFINITE_RECURSION = YES;
				CLANG_WARN_INT_CONVERSION = YES;
				CLANG_WARN_NON_LITERAL_NULL_CONVERSION = YES;
				CLANG_WARN_OBJC_IMPLICIT_RETAIN_SELF = YES;
				CLANG_WARN_OBJC_LITERAL_CONVERSION = YES;
				CLANG_WARN_OBJC_ROOT_CLASS = YES_ERROR;
				CLANG_WARN_RANGE_LOOP_ANALYSIS = YES;
				CLANG_WARN_STRICT_PROTOTYPES = YES;
				CLANG_WARN_SUSPICIOUS_MOVE = YES;
				CLANG_WARN_UNGUARDED_AVAILABILITY = YES_AGGRESSIVE;
				CLANG_WARN_UNREACHABLE_CODE = YES;
				CLANG_WARN__DUPLICATE_METHOD_MATCH = YES;
				CODE_SIGN_IDENTITY = "iPhone Developer";
				COPY_PHASE_STRIP = NO;
				DEBUG_INFORMATION_FORMAT = "dwarf-with-dsym";
				ENABLE_NS_ASSERTIONS = NO;
				ENABLE_STRICT_OBJC_MSGSEND = YES;
				GCC_C_LANGUAGE_STANDARD = gnu11;
				GCC_NO_COMMON_BLOCKS = YES;
				GCC_WARN_64_TO_32_BIT_CONVERSION = YES;
				GCC_WARN_ABOUT_RETURN_TYPE = YES_ERROR;
				GCC_WARN_UNDECLARED_SELECTOR = YES;
				GCC_WARN_UNINITIALIZED_AUTOS = YES_AGGRESSIVE;
				GCC_WARN_UNUSED_FUNCTION = YES;
				GCC_WARN_UNUSED_VARIABLE = YES;
				IPHONEOS_DEPLOYMENT_TARGET = 12.1;
				MTL_ENABLE_DEBUG_INFO = NO;
				MTL_FAST_MATH = YES;
				SDKROOT = iphoneos;
				SWIFT_COMPILATION_MODE = wholemodule;
				SWIFT_OPTIMIZATION_LEVEL = "-O";
				VALIDATE_PRODUCT = YES;
			};
			name = Release;
		};
		30FB7CE021C26BCC005A1C96 /* Debug */ = {
			isa = XCBuildConfiguration;
			baseConfigurationReference = 0F0383742A0DC7D0C32058C1 /* Pods-WPYPlayer.debug.xcconfig */;
			buildSettings = {
				ASSETCATALOG_COMPILER_APPICON_NAME = AppIcon;
				CLANG_ENABLE_MODULES = YES;
				CODE_SIGN_STYLE = Automatic;
				DEVELOPMENT_TEAM = 3U7NTNRMAV;
				INFOPLIST_FILE = WPYPlayer/Info.plist;
				LD_RUNPATH_SEARCH_PATHS = (
					"$(inherited)",
					"@executable_path/Frameworks",
				);
				PRODUCT_BUNDLE_IDENTIFIER = WPY.WPYPlayer;
				PRODUCT_NAME = "$(TARGET_NAME)";
				SWIFT_OBJC_BRIDGING_HEADER = "WPYPlayer/Player/View/WPYPlayer-Bridging-Header.h";
				SWIFT_OPTIMIZATION_LEVEL = "-Onone";
				SWIFT_VERSION = 4.2;
				TARGETED_DEVICE_FAMILY = "1,2";
			};
			name = Debug;
		};
		30FB7CE121C26BCC005A1C96 /* Release */ = {
			isa = XCBuildConfiguration;
			baseConfigurationReference = 8BDA84C54E1798AFA1D9EFC0 /* Pods-WPYPlayer.release.xcconfig */;
			buildSettings = {
				ASSETCATALOG_COMPILER_APPICON_NAME = AppIcon;
				CLANG_ENABLE_MODULES = YES;
				CODE_SIGN_STYLE = Automatic;
				DEVELOPMENT_TEAM = 3U7NTNRMAV;
				INFOPLIST_FILE = WPYPlayer/Info.plist;
				LD_RUNPATH_SEARCH_PATHS = (
					"$(inherited)",
					"@executable_path/Frameworks",
				);
				PRODUCT_BUNDLE_IDENTIFIER = WPY.WPYPlayer;
				PRODUCT_NAME = "$(TARGET_NAME)";
				SWIFT_OBJC_BRIDGING_HEADER = "WPYPlayer/Player/View/WPYPlayer-Bridging-Header.h";
				SWIFT_VERSION = 4.2;
				TARGETED_DEVICE_FAMILY = "1,2";
			};
			name = Release;
		};
/* End XCBuildConfiguration section */

/* Begin XCConfigurationList section */
		30FB7CC821C26BCA005A1C96 /* Build configuration list for PBXProject "WPYPlayer" */ = {
			isa = XCConfigurationList;
			buildConfigurations = (
				30FB7CDD21C26BCC005A1C96 /* Debug */,
				30FB7CDE21C26BCC005A1C96 /* Release */,
			);
			defaultConfigurationIsVisible = 0;
			defaultConfigurationName = Release;
		};
		30FB7CDF21C26BCC005A1C96 /* Build configuration list for PBXNativeTarget "WPYPlayer" */ = {
			isa = XCConfigurationList;
			buildConfigurations = (
				30FB7CE021C26BCC005A1C96 /* Debug */,
				30FB7CE121C26BCC005A1C96 /* Release */,
			);
			defaultConfigurationIsVisible = 0;
			defaultConfigurationName = Release;
		};
/* End XCConfigurationList section */
	};
	rootObject = 30FB7CC521C26BCA005A1C96 /* Project object */;
}
